
Microsoft Visual Studio Solution File, Format Version 12.00
# Visual Studio 2013
VisualStudioVersion = 12.0.21005.1
MinimumVisualStudioVersion = 10.0.40219.1
Project("{FAE04EC0-301F-11D3-BF4B-00C04F79EFBC}") = "Crosschat.Client", "Client\Crosschat.Client\Crosschat.Client.csproj", "{DC6F7A4F-F7EA-4ABD-9A30-BED567B4EB22}"
EndProject
Project("{FAE04EC0-301F-11D3-BF4B-00C04F79EFBC}") = "Crosschat.Client.iOS", "Client\Crosschat.Client.iOS\Crosschat.Client.iOS.csproj", "{52743AE7-E6F5-4AB6-B21A-61B57C3F8C8F}"
EndProject
Project("{FAE04EC0-301F-11D3-BF4B-00C04F79EFBC}") = "Crosschat.Client.Android", "Client\Crosschat.Client.Android\Crosschat.Client.Android.csproj", "{CCB8E0FE-478C-4A29-A39E-98DCE66BA5CB}"
EndProject
Project("{FAE04EC0-301F-11D3-BF4B-00C04F79EFBC}") = "Crosschat.Client.WinPhone", "Client\Crosschat.Client.WinPhone\Crosschat.Client.WinPhone.csproj", "{58BC252C-7DE9-4CB0-9B50-F01F8CD51730}"
EndProject
Project("{2150E333-8FDC-42A3-9474-1A3956D46DE8}") = "Shared", "Shared", "{B7D4362D-8567-43E2-A4EB-93C1D0585696}"
EndProject
Project("{FAE04EC0-301F-11D3-BF4B-00C04F79EFBC}") = "Crosschat.Utils", "Shared\Crosschat.Utils\Crosschat.Utils.csproj", "{3B0CEA1F-3936-4BB0-9889-D7C14617FD6D}"
EndProject
Project("{FAE04EC0-301F-11D3-BF4B-00C04F79EFBC}") = "Crosschat.Server.Application.DataTransferObjects", "Shared\Crosschat.Server.Application.DataTransferObjects\Crosschat.Server.Application.DataTransferObjects.csproj", "{5B665C38-2C1F-4B21-947B-ED54E5C4ABBC}"
EndProject
Project("{FAE04EC0-301F-11D3-BF4B-00C04F79EFBC}") = "Crosschat.Server.Infrastructure.Protocol", "Shared\Crosschat.Server.Infrastructure.Protocol\Crosschat.Server.Infrastructure.Protocol.csproj", "{5763956E-F7E1-4DD4-91B9-1F4438961311}"
EndProject
Global
	GlobalSection(SolutionConfigurationPlatforms) = preSolution
		Ad-Hoc|Any CPU = Ad-Hoc|Any CPU
		Ad-Hoc|ARM = Ad-Hoc|ARM
		Ad-Hoc|iPhone = Ad-Hoc|iPhone
		Ad-Hoc|iPhoneSimulator = Ad-Hoc|iPhoneSimulator
		Ad-Hoc|Mixed Platforms = Ad-Hoc|Mixed Platforms
		Ad-Hoc|x86 = Ad-Hoc|x86
		AppStore|Any CPU = AppStore|Any CPU
		AppStore|ARM = AppStore|ARM
		AppStore|iPhone = AppStore|iPhone
		AppStore|iPhoneSimulator = AppStore|iPhoneSimulator
		AppStore|Mixed Platforms = AppStore|Mixed Platforms
		AppStore|x86 = AppStore|x86
		Debug|Any CPU = Debug|Any CPU
		Debug|ARM = Debug|ARM
		Debug|iPhone = Debug|iPhone
		Debug|iPhoneSimulator = Debug|iPhoneSimulator
		Debug|Mixed Platforms = Debug|Mixed Platforms
		Debug|x86 = Debug|x86
		Release|Any CPU = Release|Any CPU
		Release|ARM = Release|ARM
		Release|iPhone = Release|iPhone
		Release|iPhoneSimulator = Release|iPhoneSimulator
		Release|Mixed Platforms = Release|Mixed Platforms
		Release|x86 = Release|x86
	EndGlobalSection
	GlobalSection(ProjectConfigurationPlatforms) = postSolution
		{DC6F7A4F-F7EA-4ABD-9A30-BED567B4EB22}.Ad-Hoc|Any CPU.ActiveCfg = Release|Any CPU
		{DC6F7A4F-F7EA-4ABD-9A30-BED567B4EB22}.Ad-Hoc|Any CPU.Build.0 = Release|Any CPU
		{DC6F7A4F-F7EA-4ABD-9A30-BED567B4EB22}.Ad-Hoc|ARM.ActiveCfg = Release|Any CPU
		{DC6F7A4F-F7EA-4ABD-9A30-BED567B4EB22}.Ad-Hoc|iPhone.ActiveCfg = Release|Any CPU
		{DC6F7A4F-F7EA-4ABD-9A30-BED567B4EB22}.Ad-Hoc|iPhoneSimulator.ActiveCfg = Release|Any CPU
		{DC6F7A4F-F7EA-4ABD-9A30-BED567B4EB22}.Ad-Hoc|Mixed Platforms.ActiveCfg = Release|Any CPU
		{DC6F7A4F-F7EA-4ABD-9A30-BED567B4EB22}.Ad-Hoc|Mixed Platforms.Build.0 = Release|Any CPU
		{DC6F7A4F-F7EA-4ABD-9A30-BED567B4EB22}.Ad-Hoc|x86.ActiveCfg = Release|Any CPU
		{DC6F7A4F-F7EA-4ABD-9A30-BED567B4EB22}.AppStore|Any CPU.ActiveCfg = Release|Any CPU
		{DC6F7A4F-F7EA-4ABD-9A30-BED567B4EB22}.AppStore|Any CPU.Build.0 = Release|Any CPU
		{DC6F7A4F-F7EA-4ABD-9A30-BED567B4EB22}.AppStore|ARM.ActiveCfg = Release|Any CPU
		{DC6F7A4F-F7EA-4ABD-9A30-BED567B4EB22}.AppStore|iPhone.ActiveCfg = Release|Any CPU
		{DC6F7A4F-F7EA-4ABD-9A30-BED567B4EB22}.AppStore|iPhoneSimulator.ActiveCfg = Release|Any CPU
		{DC6F7A4F-F7EA-4ABD-9A30-BED567B4EB22}.AppStore|Mixed Platforms.ActiveCfg = Release|Any CPU
		{DC6F7A4F-F7EA-4ABD-9A30-BED567B4EB22}.AppStore|Mixed Platforms.Build.0 = Release|Any CPU
		{DC6F7A4F-F7EA-4ABD-9A30-BED567B4EB22}.AppStore|x86.ActiveCfg = Release|Any CPU
		{DC6F7A4F-F7EA-4ABD-9A30-BED567B4EB22}.Debug|Any CPU.ActiveCfg = Debug|Any CPU
		{DC6F7A4F-F7EA-4ABD-9A30-BED567B4EB22}.Debug|Any CPU.Build.0 = Debug|Any CPU
		{DC6F7A4F-F7EA-4ABD-9A30-BED567B4EB22}.Debug|ARM.ActiveCfg = Debug|Any CPU
		{DC6F7A4F-F7EA-4ABD-9A30-BED567B4EB22}.Debug|iPhone.ActiveCfg = Debug|Any CPU
		{DC6F7A4F-F7EA-4ABD-9A30-BED567B4EB22}.Debug|iPhoneSimulator.ActiveCfg = Debug|Any CPU
		{DC6F7A4F-F7EA-4ABD-9A30-BED567B4EB22}.Debug|iPhoneSimulator.Build.0 = Debug|Any CPU
		{DC6F7A4F-F7EA-4ABD-9A30-BED567B4EB22}.Debug|Mixed Platforms.ActiveCfg = Debug|Any CPU
		{DC6F7A4F-F7EA-4ABD-9A30-BED567B4EB22}.Debug|Mixed Platforms.Build.0 = Debug|Any CPU
		{DC6F7A4F-F7EA-4ABD-9A30-BED567B4EB22}.Debug|x86.ActiveCfg = Debug|Any CPU
		{DC6F7A4F-F7EA-4ABD-9A30-BED567B4EB22}.Release|Any CPU.ActiveCfg = Release|Any CPU
		{DC6F7A4F-F7EA-4ABD-9A30-BED567B4EB22}.Release|Any CPU.Build.0 = Release|Any CPU
		{DC6F7A4F-F7EA-4ABD-9A30-BED567B4EB22}.Release|ARM.ActiveCfg = Release|Any CPU
		{DC6F7A4F-F7EA-4ABD-9A30-BED567B4EB22}.Release|iPhone.ActiveCfg = Release|Any CPU
		{DC6F7A4F-F7EA-4ABD-9A30-BED567B4EB22}.Release|iPhoneSimulator.ActiveCfg = Release|Any CPU
		{DC6F7A4F-F7EA-4ABD-9A30-BED567B4EB22}.Release|Mixed Platforms.ActiveCfg = Release|Any CPU
		{DC6F7A4F-F7EA-4ABD-9A30-BED567B4EB22}.Release|Mixed Platforms.Build.0 = Release|Any CPU
		{DC6F7A4F-F7EA-4ABD-9A30-BED567B4EB22}.Release|x86.ActiveCfg = Release|Any CPU
		{52743AE7-E6F5-4AB6-B21A-61B57C3F8C8F}.Ad-Hoc|Any CPU.ActiveCfg = Ad-Hoc|iPhone
		{52743AE7-E6F5-4AB6-B21A-61B57C3F8C8F}.Ad-Hoc|ARM.ActiveCfg = Ad-Hoc|iPhone
		{52743AE7-E6F5-4AB6-B21A-61B57C3F8C8F}.Ad-Hoc|iPhone.ActiveCfg = Ad-Hoc|iPhone
		{52743AE7-E6F5-4AB6-B21A-61B57C3F8C8F}.Ad-Hoc|iPhone.Build.0 = Ad-Hoc|iPhone
		{52743AE7-E6F5-4AB6-B21A-61B57C3F8C8F}.Ad-Hoc|iPhone.Deploy.0 = Ad-Hoc|iPhone
		{52743AE7-E6F5-4AB6-B21A-61B57C3F8C8F}.Ad-Hoc|iPhoneSimulator.ActiveCfg = Ad-Hoc|iPhoneSimulator
		{52743AE7-E6F5-4AB6-B21A-61B57C3F8C8F}.Ad-Hoc|iPhoneSimulator.Build.0 = Ad-Hoc|iPhoneSimulator
		{52743AE7-E6F5-4AB6-B21A-61B57C3F8C8F}.Ad-Hoc|iPhoneSimulator.Deploy.0 = Ad-Hoc|iPhoneSimulator
		{52743AE7-E6F5-4AB6-B21A-61B57C3F8C8F}.Ad-Hoc|Mixed Platforms.ActiveCfg = Ad-Hoc|iPhone
		{52743AE7-E6F5-4AB6-B21A-61B57C3F8C8F}.Ad-Hoc|Mixed Platforms.Build.0 = Ad-Hoc|iPhone
		{52743AE7-E6F5-4AB6-B21A-61B57C3F8C8F}.Ad-Hoc|Mixed Platforms.Deploy.0 = Ad-Hoc|iPhone
		{52743AE7-E6F5-4AB6-B21A-61B57C3F8C8F}.Ad-Hoc|x86.ActiveCfg = Ad-Hoc|iPhone
		{52743AE7-E6F5-4AB6-B21A-61B57C3F8C8F}.AppStore|Any CPU.ActiveCfg = AppStore|iPhone
		{52743AE7-E6F5-4AB6-B21A-61B57C3F8C8F}.AppStore|ARM.ActiveCfg = AppStore|iPhone
		{52743AE7-E6F5-4AB6-B21A-61B57C3F8C8F}.AppStore|iPhone.ActiveCfg = AppStore|iPhone
		{52743AE7-E6F5-4AB6-B21A-61B57C3F8C8F}.AppStore|iPhone.Build.0 = AppStore|iPhone
		{52743AE7-E6F5-4AB6-B21A-61B57C3F8C8F}.AppStore|iPhone.Deploy.0 = AppStore|iPhone
		{52743AE7-E6F5-4AB6-B21A-61B57C3F8C8F}.AppStore|iPhoneSimulator.ActiveCfg = AppStore|iPhoneSimulator
		{52743AE7-E6F5-4AB6-B21A-61B57C3F8C8F}.AppStore|iPhoneSimulator.Build.0 = AppStore|iPhoneSimulator
		{52743AE7-E6F5-4AB6-B21A-61B57C3F8C8F}.AppStore|iPhoneSimulator.Deploy.0 = AppStore|iPhoneSimulator
		{52743AE7-E6F5-4AB6-B21A-61B57C3F8C8F}.AppStore|Mixed Platforms.ActiveCfg = AppStore|iPhone
		{52743AE7-E6F5-4AB6-B21A-61B57C3F8C8F}.AppStore|Mixed Platforms.Build.0 = AppStore|iPhone
		{52743AE7-E6F5-4AB6-B21A-61B57C3F8C8F}.AppStore|Mixed Platforms.Deploy.0 = AppStore|iPhone
		{52743AE7-E6F5-4AB6-B21A-61B57C3F8C8F}.AppStore|x86.ActiveCfg = AppStore|iPhone
		{52743AE7-E6F5-4AB6-B21A-61B57C3F8C8F}.Debug|Any CPU.ActiveCfg = Debug|iPhone
		{52743AE7-E6F5-4AB6-B21A-61B57C3F8C8F}.Debug|Any CPU.Build.0 = Debug|iPhone
		{52743AE7-E6F5-4AB6-B21A-61B57C3F8C8F}.Debug|Any CPU.Deploy.0 = Debug|iPhone
		{52743AE7-E6F5-4AB6-B21A-61B57C3F8C8F}.Debug|ARM.ActiveCfg = Debug|iPhone
		{52743AE7-E6F5-4AB6-B21A-61B57C3F8C8F}.Debug|iPhone.ActiveCfg = Debug|iPhone
		{52743AE7-E6F5-4AB6-B21A-61B57C3F8C8F}.Debug|iPhone.Build.0 = Debug|iPhone
		{52743AE7-E6F5-4AB6-B21A-61B57C3F8C8F}.Debug|iPhone.Deploy.0 = Debug|iPhone
		{52743AE7-E6F5-4AB6-B21A-61B57C3F8C8F}.Debug|iPhoneSimulator.ActiveCfg = Debug|iPhoneSimulator
		{52743AE7-E6F5-4AB6-B21A-61B57C3F8C8F}.Debug|iPhoneSimulator.Build.0 = Debug|iPhoneSimulator
		{52743AE7-E6F5-4AB6-B21A-61B57C3F8C8F}.Debug|iPhoneSimulator.Deploy.0 = Debug|iPhoneSimulator
		{52743AE7-E6F5-4AB6-B21A-61B57C3F8C8F}.Debug|Mixed Platforms.ActiveCfg = Debug|iPhone
		{52743AE7-E6F5-4AB6-B21A-61B57C3F8C8F}.Debug|Mixed Platforms.Build.0 = Debug|iPhone
		{52743AE7-E6F5-4AB6-B21A-61B57C3F8C8F}.Debug|Mixed Platforms.Deploy.0 = Debug|iPhone
		{52743AE7-E6F5-4AB6-B21A-61B57C3F8C8F}.Debug|x86.ActiveCfg = Debug|iPhone
		{52743AE7-E6F5-4AB6-B21A-61B57C3F8C8F}.Release|Any CPU.ActiveCfg = Release|iPhone
		{52743AE7-E6F5-4AB6-B21A-61B57C3F8C8F}.Release|ARM.ActiveCfg = Release|iPhone
		{52743AE7-E6F5-4AB6-B21A-61B57C3F8C8F}.Release|iPhone.ActiveCfg = Release|iPhone
		{52743AE7-E6F5-4AB6-B21A-61B57C3F8C8F}.Release|iPhone.Build.0 = Release|iPhone
		{52743AE7-E6F5-4AB6-B21A-61B57C3F8C8F}.Release|iPhone.Deploy.0 = Release|iPhone
		{52743AE7-E6F5-4AB6-B21A-61B57C3F8C8F}.Release|iPhoneSimulator.ActiveCfg = Release|iPhoneSimulator
		{52743AE7-E6F5-4AB6-B21A-61B57C3F8C8F}.Release|iPhoneSimulator.Build.0 = Release|iPhoneSimulator
		{52743AE7-E6F5-4AB6-B21A-61B57C3F8C8F}.Release|iPhoneSimulator.Deploy.0 = Release|iPhoneSimulator
		{52743AE7-E6F5-4AB6-B21A-61B57C3F8C8F}.Release|Mixed Platforms.ActiveCfg = Release|iPhone
		{52743AE7-E6F5-4AB6-B21A-61B57C3F8C8F}.Release|Mixed Platforms.Build.0 = Release|iPhone
		{52743AE7-E6F5-4AB6-B21A-61B57C3F8C8F}.Release|Mixed Platforms.Deploy.0 = Release|iPhone
		{52743AE7-E6F5-4AB6-B21A-61B57C3F8C8F}.Release|x86.ActiveCfg = Release|iPhone
		{CCB8E0FE-478C-4A29-A39E-98DCE66BA5CB}.Ad-Hoc|Any CPU.ActiveCfg = Release|Any CPU
		{CCB8E0FE-478C-4A29-A39E-98DCE66BA5CB}.Ad-Hoc|Any CPU.Build.0 = Release|Any CPU
		{CCB8E0FE-478C-4A29-A39E-98DCE66BA5CB}.Ad-Hoc|Any CPU.Deploy.0 = Release|Any CPU
		{CCB8E0FE-478C-4A29-A39E-98DCE66BA5CB}.Ad-Hoc|ARM.ActiveCfg = Release|Any CPU
		{CCB8E0FE-478C-4A29-A39E-98DCE66BA5CB}.Ad-Hoc|iPhone.ActiveCfg = Release|Any CPU
		{CCB8E0FE-478C-4A29-A39E-98DCE66BA5CB}.Ad-Hoc|iPhoneSimulator.ActiveCfg = Release|Any CPU
		{CCB8E0FE-478C-4A29-A39E-98DCE66BA5CB}.Ad-Hoc|Mixed Platforms.ActiveCfg = Release|Any CPU
		{CCB8E0FE-478C-4A29-A39E-98DCE66BA5CB}.Ad-Hoc|Mixed Platforms.Build.0 = Release|Any CPU
		{CCB8E0FE-478C-4A29-A39E-98DCE66BA5CB}.Ad-Hoc|Mixed Platforms.Deploy.0 = Release|Any CPU
		{CCB8E0FE-478C-4A29-A39E-98DCE66BA5CB}.Ad-Hoc|x86.ActiveCfg = Release|Any CPU
		{CCB8E0FE-478C-4A29-A39E-98DCE66BA5CB}.AppStore|Any CPU.ActiveCfg = Release|Any CPU
		{CCB8E0FE-478C-4A29-A39E-98DCE66BA5CB}.AppStore|Any CPU.Build.0 = Release|Any CPU
		{CCB8E0FE-478C-4A29-A39E-98DCE66BA5CB}.AppStore|Any CPU.Deploy.0 = Release|Any CPU
		{CCB8E0FE-478C-4A29-A39E-98DCE66BA5CB}.AppStore|ARM.ActiveCfg = Release|Any CPU
		{CCB8E0FE-478C-4A29-A39E-98DCE66BA5CB}.AppStore|iPhone.ActiveCfg = Release|Any CPU
		{CCB8E0FE-478C-4A29-A39E-98DCE66BA5CB}.AppStore|iPhoneSimulator.ActiveCfg = Release|Any CPU
		{CCB8E0FE-478C-4A29-A39E-98DCE66BA5CB}.AppStore|Mixed Platforms.ActiveCfg = Release|Any CPU
		{CCB8E0FE-478C-4A29-A39E-98DCE66BA5CB}.AppStore|Mixed Platforms.Build.0 = Release|Any CPU
		{CCB8E0FE-478C-4A29-A39E-98DCE66BA5CB}.AppStore|Mixed Platforms.Deploy.0 = Release|Any CPU
		{CCB8E0FE-478C-4A29-A39E-98DCE66BA5CB}.AppStore|x86.ActiveCfg = Release|Any CPU
		{CCB8E0FE-478C-4A29-A39E-98DCE66BA5CB}.Debug|Any CPU.ActiveCfg = Debug|Any CPU
		{CCB8E0FE-478C-4A29-A39E-98DCE66BA5CB}.Debug|Any CPU.Build.0 = Debug|Any CPU
		{CCB8E0FE-478C-4A29-A39E-98DCE66BA5CB}.Debug|Any CPU.Deploy.0 = Debug|Any CPU
		{CCB8E0FE-478C-4A29-A39E-98DCE66BA5CB}.Debug|ARM.ActiveCfg = Debug|Any CPU
		{CCB8E0FE-478C-4A29-A39E-98DCE66BA5CB}.Debug|iPhone.ActiveCfg = Debug|Any CPU
		{CCB8E0FE-478C-4A29-A39E-98DCE66BA5CB}.Debug|iPhoneSimulator.ActiveCfg = Debug|Any CPU
		{CCB8E0FE-478C-4A29-A39E-98DCE66BA5CB}.Debug|iPhoneSimulator.Build.0 = Debug|Any CPU
		{CCB8E0FE-478C-4A29-A39E-98DCE66BA5CB}.Debug|iPhoneSimulator.Deploy.0 = Debug|Any CPU
		{CCB8E0FE-478C-4A29-A39E-98DCE66BA5CB}.Debug|Mixed Platforms.ActiveCfg = Debug|Any CPU
		{CCB8E0FE-478C-4A29-A39E-98DCE66BA5CB}.Debug|Mixed Platforms.Build.0 = Debug|Any CPU
		{CCB8E0FE-478C-4A29-A39E-98DCE66BA5CB}.Debug|Mixed Platforms.Deploy.0 = Debug|Any CPU
		{CCB8E0FE-478C-4A29-A39E-98DCE66BA5CB}.Debug|x86.ActiveCfg = Debug|Any CPU
		{CCB8E0FE-478C-4A29-A39E-98DCE66BA5CB}.Release|Any CPU.ActiveCfg = Release|Any CPU
		{CCB8E0FE-478C-4A29-A39E-98DCE66BA5CB}.Release|Any CPU.Build.0 = Release|Any CPU
		{CCB8E0FE-478C-4A29-A39E-98DCE66BA5CB}.Release|Any CPU.Deploy.0 = Release|Any CPU
		{CCB8E0FE-478C-4A29-A39E-98DCE66BA5CB}.Release|ARM.ActiveCfg = Release|Any CPU
		{CCB8E0FE-478C-4A29-A39E-98DCE66BA5CB}.Release|iPhone.ActiveCfg = Release|Any CPU
		{CCB8E0FE-478C-4A29-A39E-98DCE66BA5CB}.Release|iPhoneSimulator.ActiveCfg = Release|Any CPU
		{CCB8E0FE-478C-4A29-A39E-98DCE66BA5CB}.Release|Mixed Platforms.ActiveCfg = Release|Any CPU
		{CCB8E0FE-478C-4A29-A39E-98DCE66BA5CB}.Release|Mixed Platforms.Build.0 = Release|Any CPU
		{CCB8E0FE-478C-4A29-A39E-98DCE66BA5CB}.Release|Mixed Platforms.Deploy.0 = Release|Any CPU
		{CCB8E0FE-478C-4A29-A39E-98DCE66BA5CB}.Release|x86.ActiveCfg = Release|Any CPU
		{58BC252C-7DE9-4CB0-9B50-F01F8CD51730}.Ad-Hoc|Any CPU.ActiveCfg = Release|Any CPU
		{58BC252C-7DE9-4CB0-9B50-F01F8CD51730}.Ad-Hoc|Any CPU.Build.0 = Release|Any CPU
		{58BC252C-7DE9-4CB0-9B50-F01F8CD51730}.Ad-Hoc|Any CPU.Deploy.0 = Release|Any CPU
		{58BC252C-7DE9-4CB0-9B50-F01F8CD51730}.Ad-Hoc|ARM.ActiveCfg = Release|ARM
		{58BC252C-7DE9-4CB0-9B50-F01F8CD51730}.Ad-Hoc|ARM.Build.0 = Release|ARM
		{58BC252C-7DE9-4CB0-9B50-F01F8CD51730}.Ad-Hoc|ARM.Deploy.0 = Release|ARM
		{58BC252C-7DE9-4CB0-9B50-F01F8CD51730}.Ad-Hoc|iPhone.ActiveCfg = Release|Any CPU
		{58BC252C-7DE9-4CB0-9B50-F01F8CD51730}.Ad-Hoc|iPhoneSimulator.ActiveCfg = Release|Any CPU
		{58BC252C-7DE9-4CB0-9B50-F01F8CD51730}.Ad-Hoc|Mixed Platforms.ActiveCfg = Release|x86
		{58BC252C-7DE9-4CB0-9B50-F01F8CD51730}.Ad-Hoc|Mixed Platforms.Build.0 = Release|x86
		{58BC252C-7DE9-4CB0-9B50-F01F8CD51730}.Ad-Hoc|Mixed Platforms.Deploy.0 = Release|x86
		{58BC252C-7DE9-4CB0-9B50-F01F8CD51730}.Ad-Hoc|x86.ActiveCfg = Release|x86
		{58BC252C-7DE9-4CB0-9B50-F01F8CD51730}.Ad-Hoc|x86.Build.0 = Release|x86
		{58BC252C-7DE9-4CB0-9B50-F01F8CD51730}.Ad-Hoc|x86.Deploy.0 = Release|x86
		{58BC252C-7DE9-4CB0-9B50-F01F8CD51730}.AppStore|Any CPU.ActiveCfg = Release|Any CPU
		{58BC252C-7DE9-4CB0-9B50-F01F8CD51730}.AppStore|Any CPU.Build.0 = Release|Any CPU
		{58BC252C-7DE9-4CB0-9B50-F01F8CD51730}.AppStore|Any CPU.Deploy.0 = Release|Any CPU
		{58BC252C-7DE9-4CB0-9B50-F01F8CD51730}.AppStore|ARM.ActiveCfg = Release|ARM
		{58BC252C-7DE9-4CB0-9B50-F01F8CD51730}.AppStore|ARM.Build.0 = Release|ARM
		{58BC252C-7DE9-4CB0-9B50-F01F8CD51730}.AppStore|ARM.Deploy.0 = Release|ARM
		{58BC252C-7DE9-4CB0-9B50-F01F8CD51730}.AppStore|iPhone.ActiveCfg = Release|Any CPU
		{58BC252C-7DE9-4CB0-9B50-F01F8CD51730}.AppStore|iPhoneSimulator.ActiveCfg = Release|Any CPU
		{58BC252C-7DE9-4CB0-9B50-F01F8CD51730}.AppStore|Mixed Platforms.ActiveCfg = Release|x86
		{58BC252C-7DE9-4CB0-9B50-F01F8CD51730}.AppStore|Mixed Platforms.Build.0 = Release|x86
		{58BC252C-7DE9-4CB0-9B50-F01F8CD51730}.AppStore|Mixed Platforms.Deploy.0 = Release|x86
		{58BC252C-7DE9-4CB0-9B50-F01F8CD51730}.AppStore|x86.ActiveCfg = Release|x86
		{58BC252C-7DE9-4CB0-9B50-F01F8CD51730}.AppStore|x86.Build.0 = Release|x86
		{58BC252C-7DE9-4CB0-9B50-F01F8CD51730}.AppStore|x86.Deploy.0 = Release|x86
		{58BC252C-7DE9-4CB0-9B50-F01F8CD51730}.Debug|Any CPU.ActiveCfg = Debug|Any CPU
		{58BC252C-7DE9-4CB0-9B50-F01F8CD51730}.Debug|Any CPU.Build.0 = Debug|Any CPU
		{58BC252C-7DE9-4CB0-9B50-F01F8CD51730}.Debug|Any CPU.Deploy.0 = Debug|Any CPU
		{58BC252C-7DE9-4CB0-9B50-F01F8CD51730}.Debug|ARM.ActiveCfg = Debug|ARM
		{58BC252C-7DE9-4CB0-9B50-F01F8CD51730}.Debug|ARM.Build.0 = Debug|ARM
		{58BC252C-7DE9-4CB0-9B50-F01F8CD51730}.Debug|ARM.Deploy.0 = Debug|ARM
		{58BC252C-7DE9-4CB0-9B50-F01F8CD51730}.Debug|iPhone.ActiveCfg = Debug|Any CPU
		{58BC252C-7DE9-4CB0-9B50-F01F8CD51730}.Debug|iPhoneSimulator.ActiveCfg = Debug|Any CPU
		{58BC252C-7DE9-4CB0-9B50-F01F8CD51730}.Debug|iPhoneSimulator.Build.0 = Debug|Any CPU
		{58BC252C-7DE9-4CB0-9B50-F01F8CD51730}.Debug|iPhoneSimulator.Deploy.0 = Debug|Any CPU
		{58BC252C-7DE9-4CB0-9B50-F01F8CD51730}.Debug|Mixed Platforms.ActiveCfg = Debug|x86
		{58BC252C-7DE9-4CB0-9B50-F01F8CD51730}.Debug|Mixed Platforms.Build.0 = Debug|x86
		{58BC252C-7DE9-4CB0-9B50-F01F8CD51730}.Debug|Mixed Platforms.Deploy.0 = Debug|x86
		{58BC252C-7DE9-4CB0-9B50-F01F8CD51730}.Debug|x86.ActiveCfg = Debug|x86
		{58BC252C-7DE9-4CB0-9B50-F01F8CD51730}.Debug|x86.Build.0 = Debug|x86
		{58BC252C-7DE9-4CB0-9B50-F01F8CD51730}.Debug|x86.Deploy.0 = Debug|x86
		{58BC252C-7DE9-4CB0-9B50-F01F8CD51730}.Release|Any CPU.ActiveCfg = Release|Any CPU
		{58BC252C-7DE9-4CB0-9B50-F01F8CD51730}.Release|Any CPU.Build.0 = Release|Any CPU
		{58BC252C-7DE9-4CB0-9B50-F01F8CD51730}.Release|Any CPU.Deploy.0 = Release|Any CPU
		{58BC252C-7DE9-4CB0-9B50-F01F8CD51730}.Release|ARM.ActiveCfg = Release|ARM
		{58BC252C-7DE9-4CB0-9B50-F01F8CD51730}.Release|ARM.Build.0 = Release|ARM
		{58BC252C-7DE9-4CB0-9B50-F01F8CD51730}.Release|ARM.Deploy.0 = Release|ARM
		{58BC252C-7DE9-4CB0-9B50-F01F8CD51730}.Release|iPhone.ActiveCfg = Release|Any CPU
		{58BC252C-7DE9-4CB0-9B50-F01F8CD51730}.Release|iPhoneSimulator.ActiveCfg = Release|Any CPU
		{58BC252C-7DE9-4CB0-9B50-F01F8CD51730}.Release|Mixed Platforms.ActiveCfg = Release|x86
		{58BC252C-7DE9-4CB0-9B50-F01F8CD51730}.Release|Mixed Platforms.Build.0 = Release|x86
		{58BC252C-7DE9-4CB0-9B50-F01F8CD51730}.Release|Mixed Platforms.Deploy.0 = Release|x86
		{58BC252C-7DE9-4CB0-9B50-F01F8CD51730}.Release|x86.ActiveCfg = Release|x86
		{58BC252C-7DE9-4CB0-9B50-F01F8CD51730}.Release|x86.Build.0 = Release|x86
		{58BC252C-7DE9-4CB0-9B50-F01F8CD51730}.Release|x86.Deploy.0 = Release|x86
		{3B0CEA1F-3936-4BB0-9889-D7C14617FD6D}.Ad-Hoc|Any CPU.ActiveCfg = Release|Any CPU
		{3B0CEA1F-3936-4BB0-9889-D7C14617FD6D}.Ad-Hoc|Any CPU.Build.0 = Release|Any CPU
		{3B0CEA1F-3936-4BB0-9889-D7C14617FD6D}.Ad-Hoc|ARM.ActiveCfg = Release|Any CPU
		{3B0CEA1F-3936-4BB0-9889-D7C14617FD6D}.Ad-Hoc|iPhone.ActiveCfg = Release|Any CPU
		{3B0CEA1F-3936-4BB0-9889-D7C14617FD6D}.Ad-Hoc|iPhoneSimulator.ActiveCfg = Release|Any CPU
		{3B0CEA1F-3936-4BB0-9889-D7C14617FD6D}.Ad-Hoc|Mixed Platforms.ActiveCfg = Release|Any CPU
		{3B0CEA1F-3936-4BB0-9889-D7C14617FD6D}.Ad-Hoc|Mixed Platforms.Build.0 = Release|Any CPU
		{3B0CEA1F-3936-4BB0-9889-D7C14617FD6D}.Ad-Hoc|x86.ActiveCfg = Release|Any CPU
		{3B0CEA1F-3936-4BB0-9889-D7C14617FD6D}.AppStore|Any CPU.ActiveCfg = Release|Any CPU
		{3B0CEA1F-3936-4BB0-9889-D7C14617FD6D}.AppStore|Any CPU.Build.0 = Release|Any CPU
		{3B0CEA1F-3936-4BB0-9889-D7C14617FD6D}.AppStore|ARM.ActiveCfg = Release|Any CPU
		{3B0CEA1F-3936-4BB0-9889-D7C14617FD6D}.AppStore|iPhone.ActiveCfg = Release|Any CPU
		{3B0CEA1F-3936-4BB0-9889-D7C14617FD6D}.AppStore|iPhoneSimulator.ActiveCfg = Release|Any CPU
		{3B0CEA1F-3936-4BB0-9889-D7C14617FD6D}.AppStore|Mixed Platforms.ActiveCfg = Release|Any CPU
		{3B0CEA1F-3936-4BB0-9889-D7C14617FD6D}.AppStore|Mixed Platforms.Build.0 = Release|Any CPU
		{3B0CEA1F-3936-4BB0-9889-D7C14617FD6D}.AppStore|x86.ActiveCfg = Release|Any CPU
		{3B0CEA1F-3936-4BB0-9889-D7C14617FD6D}.Debug|Any CPU.ActiveCfg = Debug|Any CPU
		{3B0CEA1F-3936-4BB0-9889-D7C14617FD6D}.Debug|Any CPU.Build.0 = Debug|Any CPU
		{3B0CEA1F-3936-4BB0-9889-D7C14617FD6D}.Debug|ARM.ActiveCfg = Debug|Any CPU
		{3B0CEA1F-3936-4BB0-9889-D7C14617FD6D}.Debug|iPhone.ActiveCfg = Debug|Any CPU
		{3B0CEA1F-3936-4BB0-9889-D7C14617FD6D}.Debug|iPhoneSimulator.ActiveCfg = Debug|Any CPU
		{3B0CEA1F-3936-4BB0-9889-D7C14617FD6D}.Debug|iPhoneSimulator.Build.0 = Debug|Any CPU
		{3B0CEA1F-3936-4BB0-9889-D7C14617FD6D}.Debug|Mixed Platforms.ActiveCfg = Debug|Any CPU
		{3B0CEA1F-3936-4BB0-9889-D7C14617FD6D}.Debug|Mixed Platforms.Build.0 = Debug|Any CPU
		{3B0CEA1F-3936-4BB0-9889-D7C14617FD6D}.Debug|x86.ActiveCfg = Debug|Any CPU
		{3B0CEA1F-3936-4BB0-9889-D7C14617FD6D}.Release|Any CPU.ActiveCfg = Release|Any CPU
		{3B0CEA1F-3936-4BB0-9889-D7C14617FD6D}.Release|Any CPU.Build.0 = Release|Any CPU
		{3B0CEA1F-3936-4BB0-9889-D7C14617FD6D}.Release|ARM.ActiveCfg = Release|Any CPU
		{3B0CEA1F-3936-4BB0-9889-D7C14617FD6D}.Release|iPhone.ActiveCfg = Release|Any CPU
		{3B0CEA1F-3936-4BB0-9889-D7C14617FD6D}.Release|iPhoneSimulator.ActiveCfg = Release|Any CPU
		{3B0CEA1F-3936-4BB0-9889-D7C14617FD6D}.Release|Mixed Platforms.ActiveCfg = Release|Any CPU
		{3B0CEA1F-3936-4BB0-9889-D7C14617FD6D}.Release|Mixed Platforms.Build.0 = Release|Any CPU
		{3B0CEA1F-3936-4BB0-9889-D7C14617FD6D}.Release|x86.ActiveCfg = Release|Any CPU
		{5B665C38-2C1F-4B21-947B-ED54E5C4ABBC}.Ad-Hoc|Any CPU.ActiveCfg = Release|Any CPU
		{5B665C38-2C1F-4B21-947B-ED54E5C4ABBC}.Ad-Hoc|Any CPU.Build.0 = Release|Any CPU
		{5B665C38-2C1F-4B21-947B-ED54E5C4ABBC}.Ad-Hoc|ARM.ActiveCfg = Release|Any CPU
		{5B665C38-2C1F-4B21-947B-ED54E5C4ABBC}.Ad-Hoc|iPhone.ActiveCfg = Release|Any CPU
		{5B665C38-2C1F-4B21-947B-ED54E5C4ABBC}.Ad-Hoc|iPhoneSimulator.ActiveCfg = Release|Any CPU
		{5B665C38-2C1F-4B21-947B-ED54E5C4ABBC}.Ad-Hoc|Mixed Platforms.ActiveCfg = Release|Any CPU
		{5B665C38-2C1F-4B21-947B-ED54E5C4ABBC}.Ad-Hoc|Mixed Platforms.Build.0 = Release|Any CPU
		{5B665C38-2C1F-4B21-947B-ED54E5C4ABBC}.Ad-Hoc|x86.ActiveCfg = Release|Any CPU
		{5B665C38-2C1F-4B21-947B-ED54E5C4ABBC}.AppStore|Any CPU.ActiveCfg = Release|Any CPU
		{5B665C38-2C1F-4B21-947B-ED54E5C4ABBC}.AppStore|Any CPU.Build.0 = Release|Any CPU
		{5B665C38-2C1F-4B21-947B-ED54E5C4ABBC}.AppStore|ARM.ActiveCfg = Release|Any CPU
		{5B665C38-2C1F-4B21-947B-ED54E5C4ABBC}.AppStore|iPhone.ActiveCfg = Release|Any CPU
		{5B665C38-2C1F-4B21-947B-ED54E5C4ABBC}.AppStore|iPhoneSimulator.ActiveCfg = Release|Any CPU
		{5B665C38-2C1F-4B21-947B-ED54E5C4ABBC}.AppStore|Mixed Platforms.ActiveCfg = Release|Any CPU
		{5B665C38-2C1F-4B21-947B-ED54E5C4ABBC}.AppStore|Mixed Platforms.Build.0 = Release|Any CPU
		{5B665C38-2C1F-4B21-947B-ED54E5C4ABBC}.AppStore|x86.ActiveCfg = Release|Any CPU
		{5B665C38-2C1F-4B21-947B-ED54E5C4ABBC}.Debug|Any CPU.ActiveCfg = Debug|Any CPU
		{5B665C38-2C1F-4B21-947B-ED54E5C4ABBC}.Debug|Any CPU.Build.0 = Debug|Any CPU
		{5B665C38-2C1F-4B21-947B-ED54E5C4ABBC}.Debug|ARM.ActiveCfg = Debug|Any CPU
		{5B665C38-2C1F-4B21-947B-ED54E5C4ABBC}.Debug|iPhone.ActiveCfg = Debug|Any CPU
		{5B665C38-2C1F-4B21-947B-ED54E5C4ABBC}.Debug|iPhoneSimulator.ActiveCfg = Debug|Any CPU
		{5B665C38-2C1F-4B21-947B-ED54E5C4ABBC}.Debug|iPhoneSimulator.Build.0 = Debug|Any CPU
		{5B665C38-2C1F-4B21-947B-ED54E5C4ABBC}.Debug|Mixed Platforms.ActiveCfg = Debug|Any CPU
		{5B665C38-2C1F-4B21-947B-ED54E5C4ABBC}.Debug|Mixed Platforms.Build.0 = Debug|Any CPU
		{5B665C38-2C1F-4B21-947B-ED54E5C4ABBC}.Debug|x86.ActiveCfg = Debug|Any CPU
		{5B665C38-2C1F-4B21-947B-ED54E5C4ABBC}.Release|Any CPU.ActiveCfg = Release|Any CPU
		{5B665C38-2C1F-4B21-947B-ED54E5C4ABBC}.Release|Any CPU.Build.0 = Release|Any CPU
		{5B665C38-2C1F-4B21-947B-ED54E5C4ABBC}.Release|ARM.ActiveCfg = Release|Any CPU
		{5B665C38-2C1F-4B21-947B-ED54E5C4ABBC}.Release|iPhone.ActiveCfg = Release|Any CPU
		{5B665C38-2C1F-4B21-947B-ED54E5C4ABBC}.Release|iPhoneSimulator.ActiveCfg = Release|Any CPU
		{5B665C38-2C1F-4B21-947B-ED54E5C4ABBC}.Release|Mixed Platforms.ActiveCfg = Release|Any CPU
		{5B665C38-2C1F-4B21-947B-ED54E5C4ABBC}.Release|Mixed Platforms.Build.0 = Release|Any CPU
		{5B665C38-2C1F-4B21-947B-ED54E5C4ABBC}.Release|x86.ActiveCfg = Release|Any CPU
		{5763956E-F7E1-4DD4-91B9-1F4438961311}.Ad-Hoc|Any CPU.ActiveCfg = Release|Any CPU
		{5763956E-F7E1-4DD4-91B9-1F4438961311}.Ad-Hoc|Any CPU.Build.0 = Release|Any CPU
		{5763956E-F7E1-4DD4-91B9-1F4438961311}.Ad-Hoc|ARM.ActiveCfg = Release|Any CPU
		{5763956E-F7E1-4DD4-91B9-1F4438961311}.Ad-Hoc|iPhone.ActiveCfg = Release|Any CPU
		{5763956E-F7E1-4DD4-91B9-1F4438961311}.Ad-Hoc|iPhoneSimulator.ActiveCfg = Release|Any CPU
		{5763956E-F7E1-4DD4-91B9-1F4438961311}.Ad-Hoc|Mixed Platforms.ActiveCfg = Release|Any CPU
		{5763956E-F7E1-4DD4-91B9-1F4438961311}.Ad-Hoc|Mixed Platforms.Build.0 = Release|Any CPU
		{5763956E-F7E1-4DD4-91B9-1F4438961311}.Ad-Hoc|x86.ActiveCfg = Release|Any CPU
		{5763956E-F7E1-4DD4-91B9-1F4438961311}.AppStore|Any CPU.ActiveCfg = Release|Any CPU
		{5763956E-F7E1-4DD4-91B9-1F4438961311}.AppStore|Any CPU.Build.0 = Release|Any CPU
		{5763956E-F7E1-4DD4-91B9-1F4438961311}.AppStore|ARM.ActiveCfg = Release|Any CPU
		{5763956E-F7E1-4DD4-91B9-1F4438961311}.AppStore|iPhone.ActiveCfg = Release|Any CPU
		{5763956E-F7E1-4DD4-91B9-1F4438961311}.AppStore|iPhoneSimulator.ActiveCfg = Release|Any CPU
		{5763956E-F7E1-4DD4-91B9-1F4438961311}.AppStore|Mixed Platforms.ActiveCfg = Release|Any CPU
		{5763956E-F7E1-4DD4-91B9-1F4438961311}.AppStore|Mixed Platforms.Build.0 = Release|Any CPU
		{5763956E-F7E1-4DD4-91B9-1F4438961311}.AppStore|x86.ActiveCfg = Release|Any CPU
		{5763956E-F7E1-4DD4-91B9-1F4438961311}.Debug|Any CPU.ActiveCfg = Debug|Any CPU
		{5763956E-F7E1-4DD4-91B9-1F4438961311}.Debug|Any CPU.Build.0 = Debug|Any CPU
		{5763956E-F7E1-4DD4-91B9-1F4438961311}.Debug|ARM.ActiveCfg = Debug|Any CPU
		{5763956E-F7E1-4DD4-91B9-1F4438961311}.Debug|iPhone.ActiveCfg = Debug|Any CPU
		{5763956E-F7E1-4DD4-91B9-1F4438961311}.Debug|iPhoneSimulator.ActiveCfg = Debug|Any CPU
		{5763956E-F7E1-4DD4-91B9-1F4438961311}.Debug|iPhoneSimulator.Build.0 = Debug|Any CPU
		{5763956E-F7E1-4DD4-91B9-1F4438961311}.Debug|Mixed Platforms.ActiveCfg = Debug|Any CPU
		{5763956E-F7E1-4DD4-91B9-1F4438961311}.Debug|Mixed Platforms.Build.0 = Debug|Any CPU
		{5763956E-F7E1-4DD4-91B9-1F4438961311}.Debug|x86.ActiveCfg = Debug|Any CPU
		{5763956E-F7E1-4DD4-91B9-1F4438961311}.Release|Any CPU.ActiveCfg = Release|Any CPU
		{5763956E-F7E1-4DD4-91B9-1F4438961311}.Release|Any CPU.Build.0 = Release|Any CPU
		{5763956E-F7E1-4DD4-91B9-1F4438961311}.Release|ARM.ActiveCfg = Release|Any CPU
		{5763956E-F7E1-4DD4-91B9-1F4438961311}.Release|iPhone.ActiveCfg = Release|Any CPU
		{5763956E-F7E1-4DD4-91B9-1F4438961311}.Release|iPhoneSimulator.ActiveCfg = Release|Any CPU
		{5763956E-F7E1-4DD4-91B9-1F4438961311}.Release|Mixed Platforms.ActiveCfg = Release|Any CPU
		{5763956E-F7E1-4DD4-91B9-1F4438961311}.Release|Mixed Platforms.Build.0 = Release|Any CPU
		{5763956E-F7E1-4DD4-91B9-1F4438961311}.Release|x86.ActiveCfg = Release|Any CPU
	EndGlobalSection
	GlobalSection(SolutionProperties) = preSolution
		HideSolutionNode = FALSE
	EndGlobalSection
	GlobalSection(NestedProjects) = preSolution
		{3B0CEA1F-3936-4BB0-9889-D7C14617FD6D} = {B7D4362D-8567-43E2-A4EB-93C1D0585696}
		{5B665C38-2C1F-4B21-947B-ED54E5C4ABBC} = {B7D4362D-8567-43E2-A4EB-93C1D0585696}
		{5763956E-F7E1-4DD4-91B9-1F4438961311} = {B7D4362D-8567-43E2-A4EB-93C1D0585696}
	EndGlobalSection
EndGlobal
